
Microsoft Visual Studio Solution File, Format Version 12.00
# Visual Studio 15
Project("{FAE04EC0-301F-11D3-BF4B-00C04F79EFBC}") = "elykseer-crypto-cs", "elykseer-crypto-cs.csproj", "{FF4C7A40-6669-4B5D-B19E-054198B98F79}"
EndProject
Global
	GlobalSection(SolutionConfigurationPlatforms) = preSolution
		Debug|Any CPU = Debug|Any CPU
		Release|Any CPU = Release|Any CPU
	EndGlobalSection
	GlobalSection(ProjectConfigurationPlatforms) = postSolution
		{FF4C7A40-6669-4B5D-B19E-054198B98F79}.Debug|Any CPU.ActiveCfg = Debug|Any CPU
		{FF4C7A40-6669-4B5D-B19E-054198B98F79}.Debug|Any CPU.Build.0 = Debug|Any CPU
		{FF4C7A40-6669-4B5D-B19E-054198B98F79}.Release|Any CPU.ActiveCfg = Release|Any CPU
		{FF4C7A40-6669-4B5D-B19E-054198B98F79}.Release|Any CPU.Build.0 = Release|Any CPU
	EndGlobalSection
EndGlobal
